
Microsoft Visual Studio Solution File, Format Version 12.00
# Visual Studio Version 16
VisualStudioVersion = 16.0.31025.218
MinimumVisualStudioVersion = 10.0.40219.1
Project("{9A19103F-16F7-4668-BE54-9A1E7A4F7556}") = "WpfTest", "WpfTest\WpfTest.csproj", "{47B74078-7603-4364-9E22-DE6FC395EBB8}"
EndProject
Project("{9A19103F-16F7-4668-BE54-9A1E7A4F7556}") = "MonoGame.Framework.WpfInterop", "MonoGame.Framework.WpfInterop\MonoGame.Framework.WpfInterop.csproj", "{809F0D79-AEDC-4754-A213-FDBE97CCD6D6}"
EndProject
Project("{9A19103F-16F7-4668-BE54-9A1E7A4F7556}") = "WpfTest.Core", "WpfTest.Core\WpfTest.Core.csproj", "{E9CAA688-D18B-47F1-99E1-716452738DC0}"
EndProject
Global
	GlobalSection(SolutionConfigurationPlatforms) = preSolution
		Debug|Any CPU = Debug|Any CPU
		Debug|x86 = Debug|x86
		Release|Any CPU = Release|Any CPU
		Release|x86 = Release|x86
	EndGlobalSection
	GlobalSection(ProjectConfigurationPlatforms) = postSolution
		{47B74078-7603-4364-9E22-DE6FC395EBB8}.Debug|Any CPU.ActiveCfg = Debug|Any CPU
		{47B74078-7603-4364-9E22-DE6FC395EBB8}.Debug|Any CPU.Build.0 = Debug|Any CPU
		{47B74078-7603-4364-9E22-DE6FC395EBB8}.Debug|x86.ActiveCfg = Debug|Any CPU
		{47B74078-7603-4364-9E22-DE6FC395EBB8}.Debug|x86.Build.0 = Debug|Any CPU
		{47B74078-7603-4364-9E22-DE6FC395EBB8}.Release|Any CPU.ActiveCfg = Release|Any CPU
		{47B74078-7603-4364-9E22-DE6FC395EBB8}.Release|Any CPU.Build.0 = Release|Any CPU
		{47B74078-7603-4364-9E22-DE6FC395EBB8}.Release|x86.ActiveCfg = Release|Any CPU
		{47B74078-7603-4364-9E22-DE6FC395EBB8}.Release|x86.Build.0 = Release|Any CPU
		{809F0D79-AEDC-4754-A213-FDBE97CCD6D6}.Debug|Any CPU.ActiveCfg = Debug|Any CPU
		{809F0D79-AEDC-4754-A213-FDBE97CCD6D6}.Debug|Any CPU.Build.0 = Debug|Any CPU
		{809F0D79-AEDC-4754-A213-FDBE97CCD6D6}.Debug|x86.ActiveCfg = Debug|Any CPU
		{809F0D79-AEDC-4754-A213-FDBE97CCD6D6}.Debug|x86.Build.0 = Debug|Any CPU
		{809F0D79-AEDC-4754-A213-FDBE97CCD6D6}.Release|Any CPU.ActiveCfg = Release|Any CPU
		{809F0D79-AEDC-4754-A213-FDBE97CCD6D6}.Release|Any CPU.Build.0 = Release|Any CPU
		{809F0D79-AEDC-4754-A213-FDBE97CCD6D6}.Release|x86.ActiveCfg = Release|Any CPU
		{809F0D79-AEDC-4754-A213-FDBE97CCD6D6}.Release|x86.Build.0 = Release|Any CPU
		{E9CAA688-D18B-47F1-99E1-716452738DC0}.Debug|Any CPU.ActiveCfg = Debug|Any CPU
		{E9CAA688-D18B-47F1-99E1-716452738DC0}.Debug|Any CPU.Build.0 = Debug|Any CPU
		{E9CAA688-D18B-47F1-99E1-716452738DC0}.Debug|x86.ActiveCfg = Debug|Any CPU
		{E9CAA688-D18B-47F1-99E1-716452738DC0}.Debug|x86.Build.0 = Debug|Any CPU
		{E9CAA688-D18B-47F1-99E1-716452738DC0}.Release|Any CPU.ActiveCfg = Release|Any CPU
		{E9CAA688-D18B-47F1-99E1-716452738DC0}.Release|Any CPU.Build.0 = Release|Any CPU
		{E9CAA688-D18B-47F1-99E1-716452738DC0}.Release|x86.ActiveCfg = Release|Any CPU
		{E9CAA688-D18B-47F1-99E1-716452738DC0}.Release|x86.Build.0 = Release|Any CPU
	EndGlobalSection
	GlobalSection(SolutionProperties) = preSolution
		HideSolutionNode = FALSE
	EndGlobalSection
	GlobalSection(ExtensibilityGlobals) = postSolution
		SolutionGuid = {52DA0309-696A-479E-9304-93A3AF3C6CCB}
	EndGlobalSection
EndGlobal
